
Microsoft Visual Studio Solution File, Format Version 12.00
# Visual Studio Version 17
VisualStudioVersion = 17.12.35707.178 d17.12
MinimumVisualStudioVersion = 10.0.40219.1
Project("{8BC9CEB8-8B4A-11D0-8D11-00A0C91BC942}") = "6_1", "6_1\6_1.vcxproj", "{AFBD388D-50FF-41D5-A967-69D70D27E082}"
EndProject
Project("{8BC9CEB8-8B4A-11D0-8D11-00A0C91BC942}") = "6_2", "5_2\5_2.vcxproj", "{32C7EC54-D6EA-4BA0-AFEF-C13C19C9CA33}"
EndProject
Project("{8BC9CEB8-8B4A-11D0-8D11-00A0C91BC942}") = "6_3", "6_3\6_3.vcxproj", "{63EAF777-8DE9-488F-BC6B-E29A3C5FFF98}"
EndProject
Project("{8BC9CEB8-8B4A-11D0-8D11-00A0C91BC942}") = "6_4", "6_4\6_4.vcxproj", "{F9A50EB8-B164-4542-98C5-B7B3D7FA5CBB}"
EndProject
Project("{8BC9CEB8-8B4A-11D0-8D11-00A0C91BC942}") = "6_5", "6_5\6_5.vcxproj", "{5FA15447-6D3E-4CE8-A9CB-3118FEB6CC64}"
EndProject
Global
	GlobalSection(SolutionConfigurationPlatforms) = preSolution
		Debug|x64 = Debug|x64
		Debug|x86 = Debug|x86
		Release|x64 = Release|x64
		Release|x86 = Release|x86
	EndGlobalSection
	GlobalSection(ProjectConfigurationPlatforms) = postSolution
		{AFBD388D-50FF-41D5-A967-69D70D27E082}.Debug|x64.ActiveCfg = Debug|x64
		{AFBD388D-50FF-41D5-A967-69D70D27E082}.Debug|x64.Build.0 = Debug|x64
		{AFBD388D-50FF-41D5-A967-69D70D27E082}.Debug|x86.ActiveCfg = Debug|Win32
		{AFBD388D-50FF-41D5-A967-69D70D27E082}.Debug|x86.Build.0 = Debug|Win32
		{AFBD388D-50FF-41D5-A967-69D70D27E082}.Release|x64.ActiveCfg = Release|x64
		{AFBD388D-50FF-41D5-A967-69D70D27E082}.Release|x64.Build.0 = Release|x64
		{AFBD388D-50FF-41D5-A967-69D70D27E082}.Release|x86.ActiveCfg = Release|Win32
		{AFBD388D-50FF-41D5-A967-69D70D27E082}.Release|x86.Build.0 = Release|Win32
		{32C7EC54-D6EA-4BA0-AFEF-C13C19C9CA33}.Debug|x64.ActiveCfg = Debug|x64
		{32C7EC54-D6EA-4BA0-AFEF-C13C19C9CA33}.Debug|x64.Build.0 = Debug|x64
		{32C7EC54-D6EA-4BA0-AFEF-C13C19C9CA33}.Debug|x86.ActiveCfg = Debug|Win32
		{32C7EC54-D6EA-4BA0-AFEF-C13C19C9CA33}.Debug|x86.Build.0 = Debug|Win32
		{32C7EC54-D6EA-4BA0-AFEF-C13C19C9CA33}.Release|x64.ActiveCfg = Release|x64
		{32C7EC54-D6EA-4BA0-AFEF-C13C19C9CA33}.Release|x64.Build.0 = Release|x64
		{32C7EC54-D6EA-4BA0-AFEF-C13C19C9CA33}.Release|x86.ActiveCfg = Release|Win32
		{32C7EC54-D6EA-4BA0-AFEF-C13C19C9CA33}.Release|x86.Build.0 = Release|Win32
		{63EAF777-8DE9-488F-BC6B-E29A3C5FFF98}.Debug|x64.ActiveCfg = Debug|x64
		{63EAF777-8DE9-488F-BC6B-E29A3C5FFF98}.Debug|x64.Build.0 = Debug|x64
		{63EAF777-8DE9-488F-BC6B-E29A3C5FFF98}.Debug|x86.ActiveCfg = Debug|Win32
		{63EAF777-8DE9-488F-BC6B-E29A3C5FFF98}.Debug|x86.Build.0 = Debug|Win32
		{63EAF777-8DE9-488F-BC6B-E29A3C5FFF98}.Release|x64.ActiveCfg = Release|x64
		{63EAF777-8DE9-488F-BC6B-E29A3C5FFF98}.Release|x64.Build.0 = Release|x64
		{63EAF777-8DE9-488F-BC6B-E29A3C5FFF98}.Release|x86.ActiveCfg = Release|Win32
		{63EAF777-8DE9-488F-BC6B-E29A3C5FFF98}.Release|x86.Build.0 = Release|Win32
		{F9A50EB8-B164-4542-98C5-B7B3D7FA5CBB}.Debug|x64.ActiveCfg = Debug|x64
		{F9A50EB8-B164-4542-98C5-B7B3D7FA5CBB}.Debug|x64.Build.0 = Debug|x64
		{F9A50EB8-B164-4542-98C5-B7B3D7FA5CBB}.Debug|x86.ActiveCfg = Debug|Win32
		{F9A50EB8-B164-4542-98C5-B7B3D7FA5CBB}.Debug|x86.Build.0 = Debug|Win32
		{F9A50EB8-B164-4542-98C5-B7B3D7FA5CBB}.Release|x64.ActiveCfg = Release|x64
		{F9A50EB8-B164-4542-98C5-B7B3D7FA5CBB}.Release|x64.Build.0 = Release|x64
		{F9A50EB8-B164-4542-98C5-B7B3D7FA5CBB}.Release|x86.ActiveCfg = Release|Win32
		{F9A50EB8-B164-4542-98C5-B7B3D7FA5CBB}.Release|x86.Build.0 = Release|Win32
		{5FA15447-6D3E-4CE8-A9CB-3118FEB6CC64}.Debug|x64.ActiveCfg = Debug|x64
		{5FA15447-6D3E-4CE8-A9CB-3118FEB6CC64}.Debug|x64.Build.0 = Debug|x64
		{5FA15447-6D3E-4CE8-A9CB-3118FEB6CC64}.Debug|x86.ActiveCfg = Debug|Win32
		{5FA15447-6D3E-4CE8-A9CB-3118FEB6CC64}.Debug|x86.Build.0 = Debug|Win32
		{5FA15447-6D3E-4CE8-A9CB-3118FEB6CC64}.Release|x64.ActiveCfg = Release|x64
		{5FA15447-6D3E-4CE8-A9CB-3118FEB6CC64}.Release|x64.Build.0 = Release|x64
		{5FA15447-6D3E-4CE8-A9CB-3118FEB6CC64}.Release|x86.ActiveCfg = Release|Win32
		{5FA15447-6D3E-4CE8-A9CB-3118FEB6CC64}.Release|x86.Build.0 = Release|Win32
	EndGlobalSection
	GlobalSection(SolutionProperties) = preSolution
		HideSolutionNode = FALSE
	EndGlobalSection
EndGlobal
