
Microsoft Visual Studio Solution File, Format Version 12.00
# Visual Studio Version 17
VisualStudioVersion = 17.12.35707.178 d17.12
MinimumVisualStudioVersion = 10.0.40219.1
Project("{8BC9CEB8-8B4A-11D0-8D11-00A0C91BC942}") = "5_1", "5_1\5_1.vcxproj", "{A31CD432-8F56-4D26-9F7C-A8AD5897ED16}"
EndProject
Project("{8BC9CEB8-8B4A-11D0-8D11-00A0C91BC942}") = "5_2", "5_2\5_2.vcxproj", "{26C74B4D-841C-46F7-BFE6-1231A4C9ED12}"
EndProject
Project("{8BC9CEB8-8B4A-11D0-8D11-00A0C91BC942}") = "5_3", "5_3\5_3.vcxproj", "{EEF29EE0-933C-4519-A031-D313CF9B3952}"
EndProject
Project("{8BC9CEB8-8B4A-11D0-8D11-00A0C91BC942}") = "5_4", "5_4\5_4.vcxproj", "{D9E3C71C-5552-4E5F-8996-73E12A85C552}"
EndProject
Project("{8BC9CEB8-8B4A-11D0-8D11-00A0C91BC942}") = "5_5", "5_5\5_5.vcxproj", "{9229E025-371D-430C-AB93-5F0ECB2256F7}"
EndProject
Project("{8BC9CEB8-8B4A-11D0-8D11-00A0C91BC942}") = "5_6", "5_6\5_6.vcxproj", "{9FC3838B-D9B5-42E3-BF7F-B5A0D993B91E}"
EndProject
Project("{8BC9CEB8-8B4A-11D0-8D11-00A0C91BC942}") = "5_7", "5_7\5_7.vcxproj", "{5D25AA2F-CCCA-40B2-8CB8-DFCFA393BACF}"
EndProject
Project("{8BC9CEB8-8B4A-11D0-8D11-00A0C91BC942}") = "5_8", "5_8\5_8.vcxproj", "{D59D04EF-5D4C-441F-9140-F757F69BDC3E}"
EndProject
Project("{8BC9CEB8-8B4A-11D0-8D11-00A0C91BC942}") = "5_9", "5_9\5_9.vcxproj", "{329572F9-AF6F-4367-8187-52D145746C9F}"
EndProject
Project("{8BC9CEB8-8B4A-11D0-8D11-00A0C91BC942}") = "5_10", "5_10\5_10.vcxproj", "{695DCD5A-4625-4B08-B4F8-DA1082AB4C8E}"
EndProject
Project("{8BC9CEB8-8B4A-11D0-8D11-00A0C91BC942}") = "5_11", "5_11\5_11.vcxproj", "{C4695AFD-9DF1-4B45-B9CC-A6A483249FA8}"
EndProject
Project("{8BC9CEB8-8B4A-11D0-8D11-00A0C91BC942}") = "5_12", "5_12\5_12.vcxproj", "{BCBF106F-3447-440E-A30C-B15489E81823}"
EndProject
Project("{8BC9CEB8-8B4A-11D0-8D11-00A0C91BC942}") = "5_13", "5_13\5_13.vcxproj", "{DE964834-EC9A-4E4E-9611-B5B0A6BC1989}"
EndProject
Global
	GlobalSection(SolutionConfigurationPlatforms) = preSolution
		Debug|x64 = Debug|x64
		Debug|x86 = Debug|x86
		Release|x64 = Release|x64
		Release|x86 = Release|x86
	EndGlobalSection
	GlobalSection(ProjectConfigurationPlatforms) = postSolution
		{A31CD432-8F56-4D26-9F7C-A8AD5897ED16}.Debug|x64.ActiveCfg = Debug|x64
		{A31CD432-8F56-4D26-9F7C-A8AD5897ED16}.Debug|x64.Build.0 = Debug|x64
		{A31CD432-8F56-4D26-9F7C-A8AD5897ED16}.Debug|x86.ActiveCfg = Debug|Win32
		{A31CD432-8F56-4D26-9F7C-A8AD5897ED16}.Debug|x86.Build.0 = Debug|Win32
		{A31CD432-8F56-4D26-9F7C-A8AD5897ED16}.Release|x64.ActiveCfg = Release|x64
		{A31CD432-8F56-4D26-9F7C-A8AD5897ED16}.Release|x64.Build.0 = Release|x64
		{A31CD432-8F56-4D26-9F7C-A8AD5897ED16}.Release|x86.ActiveCfg = Release|Win32
		{A31CD432-8F56-4D26-9F7C-A8AD5897ED16}.Release|x86.Build.0 = Release|Win32
		{26C74B4D-841C-46F7-BFE6-1231A4C9ED12}.Debug|x64.ActiveCfg = Debug|x64
		{26C74B4D-841C-46F7-BFE6-1231A4C9ED12}.Debug|x64.Build.0 = Debug|x64
		{26C74B4D-841C-46F7-BFE6-1231A4C9ED12}.Debug|x86.ActiveCfg = Debug|Win32
		{26C74B4D-841C-46F7-BFE6-1231A4C9ED12}.Debug|x86.Build.0 = Debug|Win32
		{26C74B4D-841C-46F7-BFE6-1231A4C9ED12}.Release|x64.ActiveCfg = Release|x64
		{26C74B4D-841C-46F7-BFE6-1231A4C9ED12}.Release|x64.Build.0 = Release|x64
		{26C74B4D-841C-46F7-BFE6-1231A4C9ED12}.Release|x86.ActiveCfg = Release|Win32
		{26C74B4D-841C-46F7-BFE6-1231A4C9ED12}.Release|x86.Build.0 = Release|Win32
		{EEF29EE0-933C-4519-A031-D313CF9B3952}.Debug|x64.ActiveCfg = Debug|x64
		{EEF29EE0-933C-4519-A031-D313CF9B3952}.Debug|x64.Build.0 = Debug|x64
		{EEF29EE0-933C-4519-A031-D313CF9B3952}.Debug|x86.ActiveCfg = Debug|Win32
		{EEF29EE0-933C-4519-A031-D313CF9B3952}.Debug|x86.Build.0 = Debug|Win32
		{EEF29EE0-933C-4519-A031-D313CF9B3952}.Release|x64.ActiveCfg = Release|x64
		{EEF29EE0-933C-4519-A031-D313CF9B3952}.Release|x64.Build.0 = Release|x64
		{EEF29EE0-933C-4519-A031-D313CF9B3952}.Release|x86.ActiveCfg = Release|Win32
		{EEF29EE0-933C-4519-A031-D313CF9B3952}.Release|x86.Build.0 = Release|Win32
		{D9E3C71C-5552-4E5F-8996-73E12A85C552}.Debug|x64.ActiveCfg = Debug|x64
		{D9E3C71C-5552-4E5F-8996-73E12A85C552}.Debug|x64.Build.0 = Debug|x64
		{D9E3C71C-5552-4E5F-8996-73E12A85C552}.Debug|x86.ActiveCfg = Debug|Win32
		{D9E3C71C-5552-4E5F-8996-73E12A85C552}.Debug|x86.Build.0 = Debug|Win32
		{D9E3C71C-5552-4E5F-8996-73E12A85C552}.Release|x64.ActiveCfg = Release|x64
		{D9E3C71C-5552-4E5F-8996-73E12A85C552}.Release|x64.Build.0 = Release|x64
		{D9E3C71C-5552-4E5F-8996-73E12A85C552}.Release|x86.ActiveCfg = Release|Win32
		{D9E3C71C-5552-4E5F-8996-73E12A85C552}.Release|x86.Build.0 = Release|Win32
		{9229E025-371D-430C-AB93-5F0ECB2256F7}.Debug|x64.ActiveCfg = Debug|x64
		{9229E025-371D-430C-AB93-5F0ECB2256F7}.Debug|x64.Build.0 = Debug|x64
		{9229E025-371D-430C-AB93-5F0ECB2256F7}.Debug|x86.ActiveCfg = Debug|Win32
		{9229E025-371D-430C-AB93-5F0ECB2256F7}.Debug|x86.Build.0 = Debug|Win32
		{9229E025-371D-430C-AB93-5F0ECB2256F7}.Release|x64.ActiveCfg = Release|x64
		{9229E025-371D-430C-AB93-5F0ECB2256F7}.Release|x64.Build.0 = Release|x64
		{9229E025-371D-430C-AB93-5F0ECB2256F7}.Release|x86.ActiveCfg = Release|Win32
		{9229E025-371D-430C-AB93-5F0ECB2256F7}.Release|x86.Build.0 = Release|Win32
		{9FC3838B-D9B5-42E3-BF7F-B5A0D993B91E}.Debug|x64.ActiveCfg = Debug|x64
		{9FC3838B-D9B5-42E3-BF7F-B5A0D993B91E}.Debug|x64.Build.0 = Debug|x64
		{9FC3838B-D9B5-42E3-BF7F-B5A0D993B91E}.Debug|x86.ActiveCfg = Debug|Win32
		{9FC3838B-D9B5-42E3-BF7F-B5A0D993B91E}.Debug|x86.Build.0 = Debug|Win32
		{9FC3838B-D9B5-42E3-BF7F-B5A0D993B91E}.Release|x64.ActiveCfg = Release|x64
		{9FC3838B-D9B5-42E3-BF7F-B5A0D993B91E}.Release|x64.Build.0 = Release|x64
		{9FC3838B-D9B5-42E3-BF7F-B5A0D993B91E}.Release|x86.ActiveCfg = Release|Win32
		{9FC3838B-D9B5-42E3-BF7F-B5A0D993B91E}.Release|x86.Build.0 = Release|Win32
		{5D25AA2F-CCCA-40B2-8CB8-DFCFA393BACF}.Debug|x64.ActiveCfg = Debug|x64
		{5D25AA2F-CCCA-40B2-8CB8-DFCFA393BACF}.Debug|x64.Build.0 = Debug|x64
		{5D25AA2F-CCCA-40B2-8CB8-DFCFA393BACF}.Debug|x86.ActiveCfg = Debug|Win32
		{5D25AA2F-CCCA-40B2-8CB8-DFCFA393BACF}.Debug|x86.Build.0 = Debug|Win32
		{5D25AA2F-CCCA-40B2-8CB8-DFCFA393BACF}.Release|x64.ActiveCfg = Release|x64
		{5D25AA2F-CCCA-40B2-8CB8-DFCFA393BACF}.Release|x64.Build.0 = Release|x64
		{5D25AA2F-CCCA-40B2-8CB8-DFCFA393BACF}.Release|x86.ActiveCfg = Release|Win32
		{5D25AA2F-CCCA-40B2-8CB8-DFCFA393BACF}.Release|x86.Build.0 = Release|Win32
		{D59D04EF-5D4C-441F-9140-F757F69BDC3E}.Debug|x64.ActiveCfg = Debug|x64
		{D59D04EF-5D4C-441F-9140-F757F69BDC3E}.Debug|x64.Build.0 = Debug|x64
		{D59D04EF-5D4C-441F-9140-F757F69BDC3E}.Debug|x86.ActiveCfg = Debug|Win32
		{D59D04EF-5D4C-441F-9140-F757F69BDC3E}.Debug|x86.Build.0 = Debug|Win32
		{D59D04EF-5D4C-441F-9140-F757F69BDC3E}.Release|x64.ActiveCfg = Release|x64
		{D59D04EF-5D4C-441F-9140-F757F69BDC3E}.Release|x64.Build.0 = Release|x64
		{D59D04EF-5D4C-441F-9140-F757F69BDC3E}.Release|x86.ActiveCfg = Release|Win32
		{D59D04EF-5D4C-441F-9140-F757F69BDC3E}.Release|x86.Build.0 = Release|Win32
		{329572F9-AF6F-4367-8187-52D145746C9F}.Debug|x64.ActiveCfg = Debug|x64
		{329572F9-AF6F-4367-8187-52D145746C9F}.Debug|x64.Build.0 = Debug|x64
		{329572F9-AF6F-4367-8187-52D145746C9F}.Debug|x86.ActiveCfg = Debug|Win32
		{329572F9-AF6F-4367-8187-52D145746C9F}.Debug|x86.Build.0 = Debug|Win32
		{329572F9-AF6F-4367-8187-52D145746C9F}.Release|x64.ActiveCfg = Release|x64
		{329572F9-AF6F-4367-8187-52D145746C9F}.Release|x64.Build.0 = Release|x64
		{329572F9-AF6F-4367-8187-52D145746C9F}.Release|x86.ActiveCfg = Release|Win32
		{329572F9-AF6F-4367-8187-52D145746C9F}.Release|x86.Build.0 = Release|Win32
		{695DCD5A-4625-4B08-B4F8-DA1082AB4C8E}.Debug|x64.ActiveCfg = Debug|x64
		{695DCD5A-4625-4B08-B4F8-DA1082AB4C8E}.Debug|x64.Build.0 = Debug|x64
		{695DCD5A-4625-4B08-B4F8-DA1082AB4C8E}.Debug|x86.ActiveCfg = Debug|Win32
		{695DCD5A-4625-4B08-B4F8-DA1082AB4C8E}.Debug|x86.Build.0 = Debug|Win32
		{695DCD5A-4625-4B08-B4F8-DA1082AB4C8E}.Release|x64.ActiveCfg = Release|x64
		{695DCD5A-4625-4B08-B4F8-DA1082AB4C8E}.Release|x64.Build.0 = Release|x64
		{695DCD5A-4625-4B08-B4F8-DA1082AB4C8E}.Release|x86.ActiveCfg = Release|Win32
		{695DCD5A-4625-4B08-B4F8-DA1082AB4C8E}.Release|x86.Build.0 = Release|Win32
		{C4695AFD-9DF1-4B45-B9CC-A6A483249FA8}.Debug|x64.ActiveCfg = Debug|x64
		{C4695AFD-9DF1-4B45-B9CC-A6A483249FA8}.Debug|x64.Build.0 = Debug|x64
		{C4695AFD-9DF1-4B45-B9CC-A6A483249FA8}.Debug|x86.ActiveCfg = Debug|Win32
		{C4695AFD-9DF1-4B45-B9CC-A6A483249FA8}.Debug|x86.Build.0 = Debug|Win32
		{C4695AFD-9DF1-4B45-B9CC-A6A483249FA8}.Release|x64.ActiveCfg = Release|x64
		{C4695AFD-9DF1-4B45-B9CC-A6A483249FA8}.Release|x64.Build.0 = Release|x64
		{C4695AFD-9DF1-4B45-B9CC-A6A483249FA8}.Release|x86.ActiveCfg = Release|Win32
		{C4695AFD-9DF1-4B45-B9CC-A6A483249FA8}.Release|x86.Build.0 = Release|Win32
		{BCBF106F-3447-440E-A30C-B15489E81823}.Debug|x64.ActiveCfg = Debug|x64
		{BCBF106F-3447-440E-A30C-B15489E81823}.Debug|x64.Build.0 = Debug|x64
		{BCBF106F-3447-440E-A30C-B15489E81823}.Debug|x86.ActiveCfg = Debug|Win32
		{BCBF106F-3447-440E-A30C-B15489E81823}.Debug|x86.Build.0 = Debug|Win32
		{BCBF106F-3447-440E-A30C-B15489E81823}.Release|x64.ActiveCfg = Release|x64
		{BCBF106F-3447-440E-A30C-B15489E81823}.Release|x64.Build.0 = Release|x64
		{BCBF106F-3447-440E-A30C-B15489E81823}.Release|x86.ActiveCfg = Release|Win32
		{BCBF106F-3447-440E-A30C-B15489E81823}.Release|x86.Build.0 = Release|Win32
		{DE964834-EC9A-4E4E-9611-B5B0A6BC1989}.Debug|x64.ActiveCfg = Debug|x64
		{DE964834-EC9A-4E4E-9611-B5B0A6BC1989}.Debug|x64.Build.0 = Debug|x64
		{DE964834-EC9A-4E4E-9611-B5B0A6BC1989}.Debug|x86.ActiveCfg = Debug|Win32
		{DE964834-EC9A-4E4E-9611-B5B0A6BC1989}.Debug|x86.Build.0 = Debug|Win32
		{DE964834-EC9A-4E4E-9611-B5B0A6BC1989}.Release|x64.ActiveCfg = Release|x64
		{DE964834-EC9A-4E4E-9611-B5B0A6BC1989}.Release|x64.Build.0 = Release|x64
		{DE964834-EC9A-4E4E-9611-B5B0A6BC1989}.Release|x86.ActiveCfg = Release|Win32
		{DE964834-EC9A-4E4E-9611-B5B0A6BC1989}.Release|x86.Build.0 = Release|Win32
	EndGlobalSection
	GlobalSection(SolutionProperties) = preSolution
		HideSolutionNode = FALSE
	EndGlobalSection
EndGlobal
