
Microsoft Visual Studio Solution File, Format Version 12.00
# Visual Studio Version 17
VisualStudioVersion = 17.12.35707.178
MinimumVisualStudioVersion = 10.0.40219.1
Project("{8BC9CEB8-8B4A-11D0-8D11-00A0C91BC942}") = "4_1", "4_1\4_1.vcxproj", "{2D8894F7-FAFD-4890-82FB-613BDC3158FD}"
EndProject
Project("{8BC9CEB8-8B4A-11D0-8D11-00A0C91BC942}") = "4_2", "4_2\4_2.vcxproj", "{06A7BFC2-DE4A-4457-9BA3-FAFABD7EC1F6}"
EndProject
Project("{8BC9CEB8-8B4A-11D0-8D11-00A0C91BC942}") = "4_3", "4_3\4_3.vcxproj", "{FE5CAE09-BDC5-481E-99AF-C6E06258EA9F}"
EndProject
Project("{8BC9CEB8-8B4A-11D0-8D11-00A0C91BC942}") = "4_4", "4_4\4_4.vcxproj", "{A21A96D6-5D33-47B4-8FE3-47DBF4870BA4}"
Project("{8BC9CEB8-8B4A-11D0-8D11-00A0C91BC942}") = "4_5", "4_5\4_5.vcxproj", "{263F4B39-58BF-416D-9EF4-D5352A857128}"
EndProject
Project("{8BC9CEB8-8B4A-11D0-8D11-00A0C91BC942}") = "4_6", "4_6\4_6.vcxproj", "{F8B0170C-4676-45CD-858D-A09B5A3CF2E7}"
EndProject
Project("{8BC9CEB8-8B4A-11D0-8D11-00A0C91BC942}") = "4_7", "4_7\4_7.vcxproj", "{3AD5EFEF-AA35-4C74-8858-727B78CC9042}"
EndProject
Project("{8BC9CEB8-8B4A-11D0-8D11-00A0C91BC942}") = "4_8", "4_8\4_8.vcxproj", "{F603BAC2-C9CB-484B-9AB4-18D249D3ED15}"
EndProject
Global
	GlobalSection(SolutionConfigurationPlatforms) = preSolution
		Debug|x64 = Debug|x64
		Debug|x86 = Debug|x86
		Release|x64 = Release|x64
		Release|x86 = Release|x86
	EndGlobalSection
	GlobalSection(ProjectConfigurationPlatforms) = postSolution
		{2D8894F7-FAFD-4890-82FB-613BDC3158FD}.Debug|x64.ActiveCfg = Debug|x64
		{2D8894F7-FAFD-4890-82FB-613BDC3158FD}.Debug|x64.Build.0 = Debug|x64
		{2D8894F7-FAFD-4890-82FB-613BDC3158FD}.Debug|x86.ActiveCfg = Debug|Win32
		{2D8894F7-FAFD-4890-82FB-613BDC3158FD}.Debug|x86.Build.0 = Debug|Win32
		{2D8894F7-FAFD-4890-82FB-613BDC3158FD}.Release|x64.ActiveCfg = Release|x64
		{2D8894F7-FAFD-4890-82FB-613BDC3158FD}.Release|x64.Build.0 = Release|x64
		{2D8894F7-FAFD-4890-82FB-613BDC3158FD}.Release|x86.ActiveCfg = Release|Win32
		{2D8894F7-FAFD-4890-82FB-613BDC3158FD}.Release|x86.Build.0 = Release|Win32
		{06A7BFC2-DE4A-4457-9BA3-FAFABD7EC1F6}.Debug|x64.ActiveCfg = Debug|x64
		{06A7BFC2-DE4A-4457-9BA3-FAFABD7EC1F6}.Debug|x64.Build.0 = Debug|x64
		{06A7BFC2-DE4A-4457-9BA3-FAFABD7EC1F6}.Debug|x86.ActiveCfg = Debug|Win32
		{06A7BFC2-DE4A-4457-9BA3-FAFABD7EC1F6}.Debug|x86.Build.0 = Debug|Win32
		{06A7BFC2-DE4A-4457-9BA3-FAFABD7EC1F6}.Release|x64.ActiveCfg = Release|x64
		{06A7BFC2-DE4A-4457-9BA3-FAFABD7EC1F6}.Release|x64.Build.0 = Release|x64
		{06A7BFC2-DE4A-4457-9BA3-FAFABD7EC1F6}.Release|x86.ActiveCfg = Release|Win32
		{06A7BFC2-DE4A-4457-9BA3-FAFABD7EC1F6}.Release|x86.Build.0 = Release|Win32
		{FE5CAE09-BDC5-481E-99AF-C6E06258EA9F}.Debug|x64.ActiveCfg = Debug|x64
		{FE5CAE09-BDC5-481E-99AF-C6E06258EA9F}.Debug|x64.Build.0 = Debug|x64
		{FE5CAE09-BDC5-481E-99AF-C6E06258EA9F}.Debug|x86.ActiveCfg = Debug|Win32
		{FE5CAE09-BDC5-481E-99AF-C6E06258EA9F}.Debug|x86.Build.0 = Debug|Win32
		{FE5CAE09-BDC5-481E-99AF-C6E06258EA9F}.Release|x64.ActiveCfg = Release|x64
		{FE5CAE09-BDC5-481E-99AF-C6E06258EA9F}.Release|x64.Build.0 = Release|x64
		{FE5CAE09-BDC5-481E-99AF-C6E06258EA9F}.Release|x86.ActiveCfg = Release|Win32
		{FE5CAE09-BDC5-481E-99AF-C6E06258EA9F}.Release|x86.Build.0 = Release|Win32
		{A21A96D6-5D33-47B4-8FE3-47DBF4870BA4}.Debug|x64.ActiveCfg = Debug|x64
		{A21A96D6-5D33-47B4-8FE3-47DBF4870BA4}.Debug|x64.Build.0 = Debug|x64
		{A21A96D6-5D33-47B4-8FE3-47DBF4870BA4}.Debug|x86.ActiveCfg = Debug|Win32
		{A21A96D6-5D33-47B4-8FE3-47DBF4870BA4}.Debug|x86.Build.0 = Debug|Win32
		{A21A96D6-5D33-47B4-8FE3-47DBF4870BA4}.Release|x64.ActiveCfg = Release|x64
		{A21A96D6-5D33-47B4-8FE3-47DBF4870BA4}.Release|x64.Build.0 = Release|x64
		{A21A96D6-5D33-47B4-8FE3-47DBF4870BA4}.Release|x86.ActiveCfg = Release|Win32
		{A21A96D6-5D33-47B4-8FE3-47DBF4870BA4}.Release|x86.Build.0 = Release|Win32
		{263F4B39-58BF-416D-9EF4-D5352A857128}.Debug|x64.ActiveCfg = Debug|x64
		{263F4B39-58BF-416D-9EF4-D5352A857128}.Debug|x64.Build.0 = Debug|x64
		{263F4B39-58BF-416D-9EF4-D5352A857128}.Debug|x86.ActiveCfg = Debug|Win32
		{263F4B39-58BF-416D-9EF4-D5352A857128}.Debug|x86.Build.0 = Debug|Win32
		{263F4B39-58BF-416D-9EF4-D5352A857128}.Release|x64.ActiveCfg = Release|x64
		{263F4B39-58BF-416D-9EF4-D5352A857128}.Release|x64.Build.0 = Release|x64
		{263F4B39-58BF-416D-9EF4-D5352A857128}.Release|x86.ActiveCfg = Release|Win32
		{263F4B39-58BF-416D-9EF4-D5352A857128}.Release|x86.Build.0 = Release|Win32
		{F8B0170C-4676-45CD-858D-A09B5A3CF2E7}.Debug|x64.ActiveCfg = Debug|x64
		{F8B0170C-4676-45CD-858D-A09B5A3CF2E7}.Debug|x64.Build.0 = Debug|x64
		{F8B0170C-4676-45CD-858D-A09B5A3CF2E7}.Debug|x86.ActiveCfg = Debug|Win32
		{F8B0170C-4676-45CD-858D-A09B5A3CF2E7}.Debug|x86.Build.0 = Debug|Win32
		{F8B0170C-4676-45CD-858D-A09B5A3CF2E7}.Release|x64.ActiveCfg = Release|x64
		{F8B0170C-4676-45CD-858D-A09B5A3CF2E7}.Release|x64.Build.0 = Release|x64
		{F8B0170C-4676-45CD-858D-A09B5A3CF2E7}.Release|x86.ActiveCfg = Release|Win32
		{F8B0170C-4676-45CD-858D-A09B5A3CF2E7}.Release|x86.Build.0 = Release|Win32
		{3AD5EFEF-AA35-4C74-8858-727B78CC9042}.Debug|x64.ActiveCfg = Debug|x64
		{3AD5EFEF-AA35-4C74-8858-727B78CC9042}.Debug|x64.Build.0 = Debug|x64
		{3AD5EFEF-AA35-4C74-8858-727B78CC9042}.Debug|x86.ActiveCfg = Debug|Win32
		{3AD5EFEF-AA35-4C74-8858-727B78CC9042}.Debug|x86.Build.0 = Debug|Win32
		{3AD5EFEF-AA35-4C74-8858-727B78CC9042}.Release|x64.ActiveCfg = Release|x64
		{3AD5EFEF-AA35-4C74-8858-727B78CC9042}.Release|x64.Build.0 = Release|x64
		{3AD5EFEF-AA35-4C74-8858-727B78CC9042}.Release|x86.ActiveCfg = Release|Win32
		{3AD5EFEF-AA35-4C74-8858-727B78CC9042}.Release|x86.Build.0 = Release|Win32
		{F603BAC2-C9CB-484B-9AB4-18D249D3ED15}.Debug|x64.ActiveCfg = Debug|x64
		{F603BAC2-C9CB-484B-9AB4-18D249D3ED15}.Debug|x64.Build.0 = Debug|x64
		{F603BAC2-C9CB-484B-9AB4-18D249D3ED15}.Debug|x86.ActiveCfg = Debug|Win32
		{F603BAC2-C9CB-484B-9AB4-18D249D3ED15}.Debug|x86.Build.0 = Debug|Win32
		{F603BAC2-C9CB-484B-9AB4-18D249D3ED15}.Release|x64.ActiveCfg = Release|x64
		{F603BAC2-C9CB-484B-9AB4-18D249D3ED15}.Release|x64.Build.0 = Release|x64
		{F603BAC2-C9CB-484B-9AB4-18D249D3ED15}.Release|x86.ActiveCfg = Release|Win32
		{F603BAC2-C9CB-484B-9AB4-18D249D3ED15}.Release|x86.Build.0 = Release|Win32
	EndGlobalSection
	GlobalSection(SolutionProperties) = preSolution
		HideSolutionNode = FALSE
	EndGlobalSection
EndGlobal
