
Microsoft Visual Studio Solution File, Format Version 12.00
# Visual Studio Version 17
VisualStudioVersion = 17.12.35707.178
MinimumVisualStudioVersion = 10.0.40219.1
Project("{8BC9CEB8-8B4A-11D0-8D11-00A0C91BC942}") = "11_1", "11_1\11_1.vcxproj", "{E05A9D14-1DF2-40FC-A10E-FB83889FDF87}"
EndProject
Project("{8BC9CEB8-8B4A-11D0-8D11-00A0C91BC942}") = "11_2", "11_2\11_2.vcxproj", "{F9D51934-EF6B-4FB5-95C7-1E317CCACBED}"
EndProject
Project("{8BC9CEB8-8B4A-11D0-8D11-00A0C91BC942}") = "11_3", "11_3\11_3.vcxproj", "{101EF8DC-5059-4D02-84FC-D9B8D4445354}"
EndProject
Project("{8BC9CEB8-8B4A-11D0-8D11-00A0C91BC942}") = "11_4", "11_4\11_4.vcxproj", "{99E172F6-1BC1-47E4-8C56-C4F959E66200}"
EndProject
Project("{8BC9CEB8-8B4A-11D0-8D11-00A0C91BC942}") = "11_5", "11_5\11_5.vcxproj", "{DC4C234A-FE13-4619-9567-F94656E5E9FB}"
EndProject
Project("{8BC9CEB8-8B4A-11D0-8D11-00A0C91BC942}") = "11_6", "11_6\11_6.vcxproj", "{868F3C5D-4EFC-41A4-8AD5-597C788D65C2}"
EndProject
Project("{8BC9CEB8-8B4A-11D0-8D11-00A0C91BC942}") = "11_7", "11_7\11_7.vcxproj", "{B6C3E398-2FEE-402E-B4AB-2AE6D7E05070}"
EndProject
Project("{8BC9CEB8-8B4A-11D0-8D11-00A0C91BC942}") = "11_8", "11_8\11_8.vcxproj", "{FF299F93-4186-44AF-9990-76DA15139C78}"
EndProject
Project("{8BC9CEB8-8B4A-11D0-8D11-00A0C91BC942}") = "11_9", "11_9\11_9.vcxproj", "{E61964A2-D98B-464A-80A8-850AFC9AC912}"
EndProject
Project("{8BC9CEB8-8B4A-11D0-8D11-00A0C91BC942}") = "11_10", "11_10\11_10.vcxproj", "{19AAADD2-67FE-47C2-9D2E-CDC156089710}"
EndProject
Global
	GlobalSection(SolutionConfigurationPlatforms) = preSolution
		Debug|x64 = Debug|x64
		Debug|x86 = Debug|x86
		Release|x64 = Release|x64
		Release|x86 = Release|x86
	EndGlobalSection
	GlobalSection(ProjectConfigurationPlatforms) = postSolution
		{E05A9D14-1DF2-40FC-A10E-FB83889FDF87}.Debug|x64.ActiveCfg = Debug|x64
		{E05A9D14-1DF2-40FC-A10E-FB83889FDF87}.Debug|x64.Build.0 = Debug|x64
		{E05A9D14-1DF2-40FC-A10E-FB83889FDF87}.Debug|x86.ActiveCfg = Debug|Win32
		{E05A9D14-1DF2-40FC-A10E-FB83889FDF87}.Debug|x86.Build.0 = Debug|Win32
		{E05A9D14-1DF2-40FC-A10E-FB83889FDF87}.Release|x64.ActiveCfg = Release|x64
		{E05A9D14-1DF2-40FC-A10E-FB83889FDF87}.Release|x64.Build.0 = Release|x64
		{E05A9D14-1DF2-40FC-A10E-FB83889FDF87}.Release|x86.ActiveCfg = Release|Win32
		{E05A9D14-1DF2-40FC-A10E-FB83889FDF87}.Release|x86.Build.0 = Release|Win32
		{F9D51934-EF6B-4FB5-95C7-1E317CCACBED}.Debug|x64.ActiveCfg = Debug|x64
		{F9D51934-EF6B-4FB5-95C7-1E317CCACBED}.Debug|x64.Build.0 = Debug|x64
		{F9D51934-EF6B-4FB5-95C7-1E317CCACBED}.Debug|x86.ActiveCfg = Debug|Win32
		{F9D51934-EF6B-4FB5-95C7-1E317CCACBED}.Debug|x86.Build.0 = Debug|Win32
		{F9D51934-EF6B-4FB5-95C7-1E317CCACBED}.Release|x64.ActiveCfg = Release|x64
		{F9D51934-EF6B-4FB5-95C7-1E317CCACBED}.Release|x64.Build.0 = Release|x64
		{F9D51934-EF6B-4FB5-95C7-1E317CCACBED}.Release|x86.ActiveCfg = Release|Win32
		{F9D51934-EF6B-4FB5-95C7-1E317CCACBED}.Release|x86.Build.0 = Release|Win32
		{101EF8DC-5059-4D02-84FC-D9B8D4445354}.Debug|x64.ActiveCfg = Debug|x64
		{101EF8DC-5059-4D02-84FC-D9B8D4445354}.Debug|x64.Build.0 = Debug|x64
		{101EF8DC-5059-4D02-84FC-D9B8D4445354}.Debug|x86.ActiveCfg = Debug|Win32
		{101EF8DC-5059-4D02-84FC-D9B8D4445354}.Debug|x86.Build.0 = Debug|Win32
		{101EF8DC-5059-4D02-84FC-D9B8D4445354}.Release|x64.ActiveCfg = Release|x64
		{101EF8DC-5059-4D02-84FC-D9B8D4445354}.Release|x64.Build.0 = Release|x64
		{101EF8DC-5059-4D02-84FC-D9B8D4445354}.Release|x86.ActiveCfg = Release|Win32
		{101EF8DC-5059-4D02-84FC-D9B8D4445354}.Release|x86.Build.0 = Release|Win32
		{99E172F6-1BC1-47E4-8C56-C4F959E66200}.Debug|x64.ActiveCfg = Debug|x64
		{99E172F6-1BC1-47E4-8C56-C4F959E66200}.Debug|x64.Build.0 = Debug|x64
		{99E172F6-1BC1-47E4-8C56-C4F959E66200}.Debug|x86.ActiveCfg = Debug|Win32
		{99E172F6-1BC1-47E4-8C56-C4F959E66200}.Debug|x86.Build.0 = Debug|Win32
		{99E172F6-1BC1-47E4-8C56-C4F959E66200}.Release|x64.ActiveCfg = Release|x64
		{99E172F6-1BC1-47E4-8C56-C4F959E66200}.Release|x64.Build.0 = Release|x64
		{99E172F6-1BC1-47E4-8C56-C4F959E66200}.Release|x86.ActiveCfg = Release|Win32
		{99E172F6-1BC1-47E4-8C56-C4F959E66200}.Release|x86.Build.0 = Release|Win32
		{DC4C234A-FE13-4619-9567-F94656E5E9FB}.Debug|x64.ActiveCfg = Debug|x64
		{DC4C234A-FE13-4619-9567-F94656E5E9FB}.Debug|x64.Build.0 = Debug|x64
		{DC4C234A-FE13-4619-9567-F94656E5E9FB}.Debug|x86.ActiveCfg = Debug|Win32
		{DC4C234A-FE13-4619-9567-F94656E5E9FB}.Debug|x86.Build.0 = Debug|Win32
		{DC4C234A-FE13-4619-9567-F94656E5E9FB}.Release|x64.ActiveCfg = Release|x64
		{DC4C234A-FE13-4619-9567-F94656E5E9FB}.Release|x64.Build.0 = Release|x64
		{DC4C234A-FE13-4619-9567-F94656E5E9FB}.Release|x86.ActiveCfg = Release|Win32
		{DC4C234A-FE13-4619-9567-F94656E5E9FB}.Release|x86.Build.0 = Release|Win32
		{868F3C5D-4EFC-41A4-8AD5-597C788D65C2}.Debug|x64.ActiveCfg = Debug|x64
		{868F3C5D-4EFC-41A4-8AD5-597C788D65C2}.Debug|x64.Build.0 = Debug|x64
		{868F3C5D-4EFC-41A4-8AD5-597C788D65C2}.Debug|x86.ActiveCfg = Debug|Win32
		{868F3C5D-4EFC-41A4-8AD5-597C788D65C2}.Debug|x86.Build.0 = Debug|Win32
		{868F3C5D-4EFC-41A4-8AD5-597C788D65C2}.Release|x64.ActiveCfg = Release|x64
		{868F3C5D-4EFC-41A4-8AD5-597C788D65C2}.Release|x64.Build.0 = Release|x64
		{868F3C5D-4EFC-41A4-8AD5-597C788D65C2}.Release|x86.ActiveCfg = Release|Win32
		{868F3C5D-4EFC-41A4-8AD5-597C788D65C2}.Release|x86.Build.0 = Release|Win32
		{B6C3E398-2FEE-402E-B4AB-2AE6D7E05070}.Debug|x64.ActiveCfg = Debug|x64
		{B6C3E398-2FEE-402E-B4AB-2AE6D7E05070}.Debug|x64.Build.0 = Debug|x64
		{B6C3E398-2FEE-402E-B4AB-2AE6D7E05070}.Debug|x86.ActiveCfg = Debug|Win32
		{B6C3E398-2FEE-402E-B4AB-2AE6D7E05070}.Debug|x86.Build.0 = Debug|Win32
		{B6C3E398-2FEE-402E-B4AB-2AE6D7E05070}.Release|x64.ActiveCfg = Release|x64
		{B6C3E398-2FEE-402E-B4AB-2AE6D7E05070}.Release|x64.Build.0 = Release|x64
		{B6C3E398-2FEE-402E-B4AB-2AE6D7E05070}.Release|x86.ActiveCfg = Release|Win32
		{B6C3E398-2FEE-402E-B4AB-2AE6D7E05070}.Release|x86.Build.0 = Release|Win32
		{FF299F93-4186-44AF-9990-76DA15139C78}.Debug|x64.ActiveCfg = Debug|x64
		{FF299F93-4186-44AF-9990-76DA15139C78}.Debug|x64.Build.0 = Debug|x64
		{FF299F93-4186-44AF-9990-76DA15139C78}.Debug|x86.ActiveCfg = Debug|Win32
		{FF299F93-4186-44AF-9990-76DA15139C78}.Debug|x86.Build.0 = Debug|Win32
		{FF299F93-4186-44AF-9990-76DA15139C78}.Release|x64.ActiveCfg = Release|x64
		{FF299F93-4186-44AF-9990-76DA15139C78}.Release|x64.Build.0 = Release|x64
		{FF299F93-4186-44AF-9990-76DA15139C78}.Release|x86.ActiveCfg = Release|Win32
		{FF299F93-4186-44AF-9990-76DA15139C78}.Release|x86.Build.0 = Release|Win32
		{E61964A2-D98B-464A-80A8-850AFC9AC912}.Debug|x64.ActiveCfg = Debug|x64
		{E61964A2-D98B-464A-80A8-850AFC9AC912}.Debug|x64.Build.0 = Debug|x64
		{E61964A2-D98B-464A-80A8-850AFC9AC912}.Debug|x86.ActiveCfg = Debug|Win32
		{E61964A2-D98B-464A-80A8-850AFC9AC912}.Debug|x86.Build.0 = Debug|Win32
		{E61964A2-D98B-464A-80A8-850AFC9AC912}.Release|x64.ActiveCfg = Release|x64
		{E61964A2-D98B-464A-80A8-850AFC9AC912}.Release|x64.Build.0 = Release|x64
		{E61964A2-D98B-464A-80A8-850AFC9AC912}.Release|x86.ActiveCfg = Release|Win32
		{E61964A2-D98B-464A-80A8-850AFC9AC912}.Release|x86.Build.0 = Release|Win32
		{19AAADD2-67FE-47C2-9D2E-CDC156089710}.Debug|x64.ActiveCfg = Debug|x64
		{19AAADD2-67FE-47C2-9D2E-CDC156089710}.Debug|x64.Build.0 = Debug|x64
		{19AAADD2-67FE-47C2-9D2E-CDC156089710}.Debug|x86.ActiveCfg = Debug|Win32
		{19AAADD2-67FE-47C2-9D2E-CDC156089710}.Debug|x86.Build.0 = Debug|Win32
		{19AAADD2-67FE-47C2-9D2E-CDC156089710}.Release|x64.ActiveCfg = Release|x64
		{19AAADD2-67FE-47C2-9D2E-CDC156089710}.Release|x64.Build.0 = Release|x64
		{19AAADD2-67FE-47C2-9D2E-CDC156089710}.Release|x86.ActiveCfg = Release|Win32
		{19AAADD2-67FE-47C2-9D2E-CDC156089710}.Release|x86.Build.0 = Release|Win32
	EndGlobalSection
	GlobalSection(SolutionProperties) = preSolution
		HideSolutionNode = FALSE
	EndGlobalSection
EndGlobal
