
Microsoft Visual Studio Solution File, Format Version 12.00
# Visual Studio Version 17
VisualStudioVersion = 17.12.35707.178
MinimumVisualStudioVersion = 10.0.40219.1
Project("{8BC9CEB8-8B4A-11D0-8D11-00A0C91BC942}") = "10_1", "10_1\10_1.vcxproj", "{0D9290A1-D066-465E-967C-DA9DE34D8755}"
EndProject
Project("{8BC9CEB8-8B4A-11D0-8D11-00A0C91BC942}") = "10_2", "10_2\10_2.vcxproj", "{E60A6783-16DD-45BD-8700-68BDDF714CB6}"
EndProject
Project("{8BC9CEB8-8B4A-11D0-8D11-00A0C91BC942}") = "10_3", "10_3\10_3.vcxproj", "{EF138B58-604D-426D-96B4-29EDF6524EBA}"
EndProject
Project("{8BC9CEB8-8B4A-11D0-8D11-00A0C91BC942}") = "10_4", "10_4\10_4.vcxproj", "{F77ACC26-4444-4E80-B116-3DAECD9C161F}"
EndProject
Project("{8BC9CEB8-8B4A-11D0-8D11-00A0C91BC942}") = "10_5", "10_5\10_5.vcxproj", "{1EEFA7CD-B1FF-4F33-B4B1-11643793BBE9}"
EndProject
Project("{8BC9CEB8-8B4A-11D0-8D11-00A0C91BC942}") = "10_6", "10_6\10_6.vcxproj", "{E5424675-4EEC-4B6C-87AB-875FD71799FD}"
EndProject
Project("{8BC9CEB8-8B4A-11D0-8D11-00A0C91BC942}") = "10_7", "10_7\10_7.vcxproj", "{1CD6A54F-231E-49E5-B29F-B9F43B868D69}"
EndProject
Project("{8BC9CEB8-8B4A-11D0-8D11-00A0C91BC942}") = "10_8", "10_8\10_8.vcxproj", "{B6C283AA-2205-4F01-B271-180E4E62F984}"
EndProject
Project("{8BC9CEB8-8B4A-11D0-8D11-00A0C91BC942}") = "10_9", "10_9\10_9.vcxproj", "{890DBF3C-2D68-4EC4-813A-29A186E2CC5D}"
EndProject
Global
	GlobalSection(SolutionConfigurationPlatforms) = preSolution
		Debug|x64 = Debug|x64
		Debug|x86 = Debug|x86
		Release|x64 = Release|x64
		Release|x86 = Release|x86
	EndGlobalSection
	GlobalSection(ProjectConfigurationPlatforms) = postSolution
		{0D9290A1-D066-465E-967C-DA9DE34D8755}.Debug|x64.ActiveCfg = Debug|x64
		{0D9290A1-D066-465E-967C-DA9DE34D8755}.Debug|x64.Build.0 = Debug|x64
		{0D9290A1-D066-465E-967C-DA9DE34D8755}.Debug|x86.ActiveCfg = Debug|Win32
		{0D9290A1-D066-465E-967C-DA9DE34D8755}.Debug|x86.Build.0 = Debug|Win32
		{0D9290A1-D066-465E-967C-DA9DE34D8755}.Release|x64.ActiveCfg = Release|x64
		{0D9290A1-D066-465E-967C-DA9DE34D8755}.Release|x64.Build.0 = Release|x64
		{0D9290A1-D066-465E-967C-DA9DE34D8755}.Release|x86.ActiveCfg = Release|Win32
		{0D9290A1-D066-465E-967C-DA9DE34D8755}.Release|x86.Build.0 = Release|Win32
		{E60A6783-16DD-45BD-8700-68BDDF714CB6}.Debug|x64.ActiveCfg = Debug|x64
		{E60A6783-16DD-45BD-8700-68BDDF714CB6}.Debug|x64.Build.0 = Debug|x64
		{E60A6783-16DD-45BD-8700-68BDDF714CB6}.Debug|x86.ActiveCfg = Debug|Win32
		{E60A6783-16DD-45BD-8700-68BDDF714CB6}.Debug|x86.Build.0 = Debug|Win32
		{E60A6783-16DD-45BD-8700-68BDDF714CB6}.Release|x64.ActiveCfg = Release|x64
		{E60A6783-16DD-45BD-8700-68BDDF714CB6}.Release|x64.Build.0 = Release|x64
		{E60A6783-16DD-45BD-8700-68BDDF714CB6}.Release|x86.ActiveCfg = Release|Win32
		{E60A6783-16DD-45BD-8700-68BDDF714CB6}.Release|x86.Build.0 = Release|Win32
		{EF138B58-604D-426D-96B4-29EDF6524EBA}.Debug|x64.ActiveCfg = Debug|x64
		{EF138B58-604D-426D-96B4-29EDF6524EBA}.Debug|x64.Build.0 = Debug|x64
		{EF138B58-604D-426D-96B4-29EDF6524EBA}.Debug|x86.ActiveCfg = Debug|Win32
		{EF138B58-604D-426D-96B4-29EDF6524EBA}.Debug|x86.Build.0 = Debug|Win32
		{EF138B58-604D-426D-96B4-29EDF6524EBA}.Release|x64.ActiveCfg = Release|x64
		{EF138B58-604D-426D-96B4-29EDF6524EBA}.Release|x64.Build.0 = Release|x64
		{EF138B58-604D-426D-96B4-29EDF6524EBA}.Release|x86.ActiveCfg = Release|Win32
		{EF138B58-604D-426D-96B4-29EDF6524EBA}.Release|x86.Build.0 = Release|Win32
		{F77ACC26-4444-4E80-B116-3DAECD9C161F}.Debug|x64.ActiveCfg = Debug|x64
		{F77ACC26-4444-4E80-B116-3DAECD9C161F}.Debug|x64.Build.0 = Debug|x64
		{F77ACC26-4444-4E80-B116-3DAECD9C161F}.Debug|x86.ActiveCfg = Debug|Win32
		{F77ACC26-4444-4E80-B116-3DAECD9C161F}.Debug|x86.Build.0 = Debug|Win32
		{F77ACC26-4444-4E80-B116-3DAECD9C161F}.Release|x64.ActiveCfg = Release|x64
		{F77ACC26-4444-4E80-B116-3DAECD9C161F}.Release|x64.Build.0 = Release|x64
		{F77ACC26-4444-4E80-B116-3DAECD9C161F}.Release|x86.ActiveCfg = Release|Win32
		{F77ACC26-4444-4E80-B116-3DAECD9C161F}.Release|x86.Build.0 = Release|Win32
		{1EEFA7CD-B1FF-4F33-B4B1-11643793BBE9}.Debug|x64.ActiveCfg = Debug|x64
		{1EEFA7CD-B1FF-4F33-B4B1-11643793BBE9}.Debug|x64.Build.0 = Debug|x64
		{1EEFA7CD-B1FF-4F33-B4B1-11643793BBE9}.Debug|x86.ActiveCfg = Debug|Win32
		{1EEFA7CD-B1FF-4F33-B4B1-11643793BBE9}.Debug|x86.Build.0 = Debug|Win32
		{1EEFA7CD-B1FF-4F33-B4B1-11643793BBE9}.Release|x64.ActiveCfg = Release|x64
		{1EEFA7CD-B1FF-4F33-B4B1-11643793BBE9}.Release|x64.Build.0 = Release|x64
		{1EEFA7CD-B1FF-4F33-B4B1-11643793BBE9}.Release|x86.ActiveCfg = Release|Win32
		{1EEFA7CD-B1FF-4F33-B4B1-11643793BBE9}.Release|x86.Build.0 = Release|Win32
		{E5424675-4EEC-4B6C-87AB-875FD71799FD}.Debug|x64.ActiveCfg = Debug|x64
		{E5424675-4EEC-4B6C-87AB-875FD71799FD}.Debug|x64.Build.0 = Debug|x64
		{E5424675-4EEC-4B6C-87AB-875FD71799FD}.Debug|x86.ActiveCfg = Debug|Win32
		{E5424675-4EEC-4B6C-87AB-875FD71799FD}.Debug|x86.Build.0 = Debug|Win32
		{E5424675-4EEC-4B6C-87AB-875FD71799FD}.Release|x64.ActiveCfg = Release|x64
		{E5424675-4EEC-4B6C-87AB-875FD71799FD}.Release|x64.Build.0 = Release|x64
		{E5424675-4EEC-4B6C-87AB-875FD71799FD}.Release|x86.ActiveCfg = Release|Win32
		{E5424675-4EEC-4B6C-87AB-875FD71799FD}.Release|x86.Build.0 = Release|Win32
		{1CD6A54F-231E-49E5-B29F-B9F43B868D69}.Debug|x64.ActiveCfg = Debug|x64
		{1CD6A54F-231E-49E5-B29F-B9F43B868D69}.Debug|x64.Build.0 = Debug|x64
		{1CD6A54F-231E-49E5-B29F-B9F43B868D69}.Debug|x86.ActiveCfg = Debug|Win32
		{1CD6A54F-231E-49E5-B29F-B9F43B868D69}.Debug|x86.Build.0 = Debug|Win32
		{1CD6A54F-231E-49E5-B29F-B9F43B868D69}.Release|x64.ActiveCfg = Release|x64
		{1CD6A54F-231E-49E5-B29F-B9F43B868D69}.Release|x64.Build.0 = Release|x64
		{1CD6A54F-231E-49E5-B29F-B9F43B868D69}.Release|x86.ActiveCfg = Release|Win32
		{1CD6A54F-231E-49E5-B29F-B9F43B868D69}.Release|x86.Build.0 = Release|Win32
		{B6C283AA-2205-4F01-B271-180E4E62F984}.Debug|x64.ActiveCfg = Debug|x64
		{B6C283AA-2205-4F01-B271-180E4E62F984}.Debug|x64.Build.0 = Debug|x64
		{B6C283AA-2205-4F01-B271-180E4E62F984}.Debug|x86.ActiveCfg = Debug|Win32
		{B6C283AA-2205-4F01-B271-180E4E62F984}.Debug|x86.Build.0 = Debug|Win32
		{B6C283AA-2205-4F01-B271-180E4E62F984}.Release|x64.ActiveCfg = Release|x64
		{B6C283AA-2205-4F01-B271-180E4E62F984}.Release|x64.Build.0 = Release|x64
		{B6C283AA-2205-4F01-B271-180E4E62F984}.Release|x86.ActiveCfg = Release|Win32
		{B6C283AA-2205-4F01-B271-180E4E62F984}.Release|x86.Build.0 = Release|Win32
		{890DBF3C-2D68-4EC4-813A-29A186E2CC5D}.Debug|x64.ActiveCfg = Debug|x64
		{890DBF3C-2D68-4EC4-813A-29A186E2CC5D}.Debug|x64.Build.0 = Debug|x64
		{890DBF3C-2D68-4EC4-813A-29A186E2CC5D}.Debug|x86.ActiveCfg = Debug|Win32
		{890DBF3C-2D68-4EC4-813A-29A186E2CC5D}.Debug|x86.Build.0 = Debug|Win32
		{890DBF3C-2D68-4EC4-813A-29A186E2CC5D}.Release|x64.ActiveCfg = Release|x64
		{890DBF3C-2D68-4EC4-813A-29A186E2CC5D}.Release|x64.Build.0 = Release|x64
		{890DBF3C-2D68-4EC4-813A-29A186E2CC5D}.Release|x86.ActiveCfg = Release|Win32
		{890DBF3C-2D68-4EC4-813A-29A186E2CC5D}.Release|x86.Build.0 = Release|Win32
	EndGlobalSection
	GlobalSection(SolutionProperties) = preSolution
		HideSolutionNode = FALSE
	EndGlobalSection
EndGlobal
